
Microsoft Visual Studio Solution File, Format Version 12.00
# Visual Studio Version 17
VisualStudioVersion = 17.12.35527.113
MinimumVisualStudioVersion = 10.0.40219.1
Project("{FAE04EC0-301F-11D3-BF4B-00C04F79EFBC}") = "Chessboard", "Chessboard\Chessboard.csproj", "{EBA1494C-EA2C-4DA8-B8A3-D3B6B770DBD3}"
EndProject
Project("{FAE04EC0-301F-11D3-BF4B-00C04F79EFBC}") = "Hover_rectangle", "Hover_rectangle\Hover_rectangle.csproj", "{3D20F962-F7FA-48D8-8513-5802446AB974}"
EndProject
Project("{FAE04EC0-301F-11D3-BF4B-00C04F79EFBC}") = "Circle_animation", "Circle_animation\Circle_animation.csproj", "{3F3F421C-D5C6-4422-BF68-1D41BA413D41}"
EndProject
Project("{FAE04EC0-301F-11D3-BF4B-00C04F79EFBC}") = "Ball_animation", "Ball_animation\Ball_animation.csproj", "{B8D1A060-D061-46EE-967F-AF7AE6A81BDF}"
EndProject
Project("{FAE04EC0-301F-11D3-BF4B-00C04F79EFBC}") = "Bricks_wall_animation", "Bricks_wall_animation\Bricks_wall_animation.csproj", "{5CAD8B73-D82E-4157-A48C-1372803933EB}"
EndProject
Project("{FAE04EC0-301F-11D3-BF4B-00C04F79EFBC}") = "Circles_loop", "Circles_loop\Circles_loop.csproj", "{DD17F4DC-7D5D-44E4-8B3E-BFF21E87DF35}"
EndProject
Project("{2150E333-8FDC-42A3-9474-1A3956D46DE8}") = "MiniGames", "MiniGames", "{C9277F33-A910-46D4-A3D4-FD7BCA197A15}"
EndProject
Project("{2150E333-8FDC-42A3-9474-1A3956D46DE8}") = "Animation", "Animation", "{62D8C617-8021-421C-BE75-7BBB231B9941}"
EndProject
Project("{2150E333-8FDC-42A3-9474-1A3956D46DE8}") = "Basic", "Basic", "{AFC02E6D-676F-4823-BED5-21A0009D75ED}"
EndProject
Project("{FAE04EC0-301F-11D3-BF4B-00C04F79EFBC}") = "Snake", "Snake\Snake.csproj", "{EF31193A-6E75-484A-95AE-974D96EB4E6B}"
EndProject
Project("{FAE04EC0-301F-11D3-BF4B-00C04F79EFBC}") = "Rainbow", "Rainbow\Rainbow.csproj", "{16317B3A-1BBB-401E-A4F6-D387C90F9436}"
EndProject
Project("{FAE04EC0-301F-11D3-BF4B-00C04F79EFBC}") = "Stars", "Stars\Stars.csproj", "{6457B6BD-039B-4EF4-B5B1-C0FD4F9E1E7C}"
EndProject
Project("{FAE04EC0-301F-11D3-BF4B-00C04F79EFBC}") = "Stars_Horizontal", "Stars_Horizontal\Stars_Horizontal.csproj", "{74B0C4D5-4831-4225-815F-0C57CC493A29}"
EndProject
Project("{FAE04EC0-301F-11D3-BF4B-00C04F79EFBC}") = "Gradient", "Gradient\Gradient.csproj", "{F697B0BD-FCDB-45DE-86AC-E0CAFC1D29FC}"
EndProject
Project("{FAE04EC0-301F-11D3-BF4B-00C04F79EFBC}") = "Helix", "Helix\Helix.csproj", "{CB2776EF-60A0-465B-B2C0-A830B4542AAC}"
EndProject
Project("{FAE04EC0-301F-11D3-BF4B-00C04F79EFBC}") = "Basic", "Basic\Basic.csproj", "{002F2216-824C-4362-8910-05EE88820569}"
EndProject
Project("{FAE04EC0-301F-11D3-BF4B-00C04F79EFBC}") = "Star", "Star\Star.csproj", "{1EC61E4F-86B3-4BA0-B998-78ACE6CAC07E}"
EndProject
Project("{FAE04EC0-301F-11D3-BF4B-00C04F79EFBC}") = "Ngon", "Ngon\Ngon.csproj", "{1CE43383-1CDF-4C58-8C09-7F89D0A01455}"
EndProject
Project("{FAE04EC0-301F-11D3-BF4B-00C04F79EFBC}") = "MetaBall_Sample_1", "MetaBall_Sample_1\MetaBall_Sample_1.csproj", "{C6C87247-937D-4536-B22F-79584B26F419}"
EndProject
Project("{FAE04EC0-301F-11D3-BF4B-00C04F79EFBC}") = "Lines", "Lines\Lines.csproj", "{25518E8E-3E52-4C34-B7C4-1AAB64D0D83C}"
EndProject
Project("{FAE04EC0-301F-11D3-BF4B-00C04F79EFBC}") = "Flags", "Flags\Flags.csproj", "{0729B2E6-9C53-440C-974D-5409C68A1960}"
EndProject
Project("{FAE04EC0-301F-11D3-BF4B-00C04F79EFBC}") = "Maze", "Maze\Maze.csproj", "{A8F24258-EFA8-4616-BB79-4FB56243B27E}"
EndProject
Project("{FAE04EC0-301F-11D3-BF4B-00C04F79EFBC}") = "Line", "Line\Line.csproj", "{9EC1E9A8-DA8E-4CA5-8E59-F67C3965C969}"
EndProject
Project("{2150E333-8FDC-42A3-9474-1A3956D46DE8}") = "Tiles", "Tiles", "{02EA681E-C7D8-13C7-8484-4AC65E1B71E8}"
EndProject
Project("{FAE04EC0-301F-11D3-BF4B-00C04F79EFBC}") = "TilesAnimationCoin", "TilesAnimationCoin\TilesAnimationCoin.csproj", "{A85A4AF2-6F47-48D8-BBC3-0164E2B37FC8}"
EndProject
Project("{FAE04EC0-301F-11D3-BF4B-00C04F79EFBC}") = "RandomPoints", "RandomPoints\RandomPoints.csproj", "{8620AA6B-41DF-4B1D-A089-D98740455107}"
EndProject
Project("{FAE04EC0-301F-11D3-BF4B-00C04F79EFBC}") = "Paint", "Paint\Paint.csproj", "{8E10C02E-EB66-4920-A258-FE07A2B35F8B}"
EndProject
Project("{FAE04EC0-301F-11D3-BF4B-00C04F79EFBC}") = "EndlessSnake", "EndlessSnake\EndlessSnake.csproj", "{D50CF300-706D-413F-8F51-2CE96F46A09B}"
EndProject
Project("{FAE04EC0-301F-11D3-BF4B-00C04F79EFBC}") = "DrawText", "DrawText\DrawText.csproj", "{DE8B44D3-D2CD-45A4-92DD-85EE123551A9}"
EndProject
Project("{FAE04EC0-301F-11D3-BF4B-00C04F79EFBC}") = "BlobRender", "BlobRender\BlobRender.csproj", "{242FF9D6-5495-4315-A1FD-4AE5CA24161F}"
EndProject
Project("{FAE04EC0-301F-11D3-BF4B-00C04F79EFBC}") = "MazeKeyboard", "MazeKeyboard\MazeKeyboard.csproj", "{E8543FE5-8642-4980-9700-3AC9DAA47933}"
EndProject
Project("{FAE04EC0-301F-11D3-BF4B-00C04F79EFBC}") = "DrawBlob", "DrawBlob\DrawBlob.csproj", "{E7C4AD86-87F5-46B2-93C5-EF71597BB914}"
EndProject
Project("{FAE04EC0-301F-11D3-BF4B-00C04F79EFBC}") = "Avg", "Avg\Avg.csproj", "{34E89F09-9C9A-4A15-877A-865F1154F9A2}"
EndProject
Project("{FAE04EC0-301F-11D3-BF4B-00C04F79EFBC}") = "GradientExt", "GradientExt\GradientExt.csproj", "{3714F5FC-F397-8829-61C1-35224FFB5800}"
EndProject
Project("{FAE04EC0-301F-11D3-BF4B-00C04F79EFBC}") = "MazeWave", "MazeWave\MazeWave.csproj", "{1BE26C21-1E4D-4D94-93A9-BD8D1E97BF51}"
EndProject
Global
	GlobalSection(SolutionConfigurationPlatforms) = preSolution
		Debug|Any CPU = Debug|Any CPU
		Release|Any CPU = Release|Any CPU
	EndGlobalSection
	GlobalSection(ProjectConfigurationPlatforms) = postSolution
		{EBA1494C-EA2C-4DA8-B8A3-D3B6B770DBD3}.Debug|Any CPU.ActiveCfg = Debug|Any CPU
		{EBA1494C-EA2C-4DA8-B8A3-D3B6B770DBD3}.Debug|Any CPU.Build.0 = Debug|Any CPU
		{EBA1494C-EA2C-4DA8-B8A3-D3B6B770DBD3}.Release|Any CPU.ActiveCfg = Release|Any CPU
		{EBA1494C-EA2C-4DA8-B8A3-D3B6B770DBD3}.Release|Any CPU.Build.0 = Release|Any CPU
		{3D20F962-F7FA-48D8-8513-5802446AB974}.Debug|Any CPU.ActiveCfg = Debug|Any CPU
		{3D20F962-F7FA-48D8-8513-5802446AB974}.Debug|Any CPU.Build.0 = Debug|Any CPU
		{3D20F962-F7FA-48D8-8513-5802446AB974}.Release|Any CPU.ActiveCfg = Release|Any CPU
		{3D20F962-F7FA-48D8-8513-5802446AB974}.Release|Any CPU.Build.0 = Release|Any CPU
		{3F3F421C-D5C6-4422-BF68-1D41BA413D41}.Debug|Any CPU.ActiveCfg = Debug|Any CPU
		{3F3F421C-D5C6-4422-BF68-1D41BA413D41}.Debug|Any CPU.Build.0 = Debug|Any CPU
		{3F3F421C-D5C6-4422-BF68-1D41BA413D41}.Release|Any CPU.ActiveCfg = Release|Any CPU
		{3F3F421C-D5C6-4422-BF68-1D41BA413D41}.Release|Any CPU.Build.0 = Release|Any CPU
		{B8D1A060-D061-46EE-967F-AF7AE6A81BDF}.Debug|Any CPU.ActiveCfg = Debug|Any CPU
		{B8D1A060-D061-46EE-967F-AF7AE6A81BDF}.Debug|Any CPU.Build.0 = Debug|Any CPU
		{B8D1A060-D061-46EE-967F-AF7AE6A81BDF}.Release|Any CPU.ActiveCfg = Release|Any CPU
		{B8D1A060-D061-46EE-967F-AF7AE6A81BDF}.Release|Any CPU.Build.0 = Release|Any CPU
		{5CAD8B73-D82E-4157-A48C-1372803933EB}.Debug|Any CPU.ActiveCfg = Debug|Any CPU
		{5CAD8B73-D82E-4157-A48C-1372803933EB}.Debug|Any CPU.Build.0 = Debug|Any CPU
		{5CAD8B73-D82E-4157-A48C-1372803933EB}.Release|Any CPU.ActiveCfg = Release|Any CPU
		{5CAD8B73-D82E-4157-A48C-1372803933EB}.Release|Any CPU.Build.0 = Release|Any CPU
		{DD17F4DC-7D5D-44E4-8B3E-BFF21E87DF35}.Debug|Any CPU.ActiveCfg = Debug|Any CPU
		{DD17F4DC-7D5D-44E4-8B3E-BFF21E87DF35}.Debug|Any CPU.Build.0 = Debug|Any CPU
		{DD17F4DC-7D5D-44E4-8B3E-BFF21E87DF35}.Release|Any CPU.ActiveCfg = Release|Any CPU
		{DD17F4DC-7D5D-44E4-8B3E-BFF21E87DF35}.Release|Any CPU.Build.0 = Release|Any CPU
		{EF31193A-6E75-484A-95AE-974D96EB4E6B}.Debug|Any CPU.ActiveCfg = Debug|Any CPU
		{EF31193A-6E75-484A-95AE-974D96EB4E6B}.Debug|Any CPU.Build.0 = Debug|Any CPU
		{EF31193A-6E75-484A-95AE-974D96EB4E6B}.Release|Any CPU.ActiveCfg = Release|Any CPU
		{EF31193A-6E75-484A-95AE-974D96EB4E6B}.Release|Any CPU.Build.0 = Release|Any CPU
		{16317B3A-1BBB-401E-A4F6-D387C90F9436}.Debug|Any CPU.ActiveCfg = Debug|Any CPU
		{16317B3A-1BBB-401E-A4F6-D387C90F9436}.Debug|Any CPU.Build.0 = Debug|Any CPU
		{16317B3A-1BBB-401E-A4F6-D387C90F9436}.Release|Any CPU.ActiveCfg = Release|Any CPU
		{16317B3A-1BBB-401E-A4F6-D387C90F9436}.Release|Any CPU.Build.0 = Release|Any CPU
		{6457B6BD-039B-4EF4-B5B1-C0FD4F9E1E7C}.Debug|Any CPU.ActiveCfg = Debug|Any CPU
		{6457B6BD-039B-4EF4-B5B1-C0FD4F9E1E7C}.Debug|Any CPU.Build.0 = Debug|Any CPU
		{6457B6BD-039B-4EF4-B5B1-C0FD4F9E1E7C}.Release|Any CPU.ActiveCfg = Release|Any CPU
		{6457B6BD-039B-4EF4-B5B1-C0FD4F9E1E7C}.Release|Any CPU.Build.0 = Release|Any CPU
		{74B0C4D5-4831-4225-815F-0C57CC493A29}.Debug|Any CPU.ActiveCfg = Debug|Any CPU
		{74B0C4D5-4831-4225-815F-0C57CC493A29}.Debug|Any CPU.Build.0 = Debug|Any CPU
		{74B0C4D5-4831-4225-815F-0C57CC493A29}.Release|Any CPU.ActiveCfg = Release|Any CPU
		{74B0C4D5-4831-4225-815F-0C57CC493A29}.Release|Any CPU.Build.0 = Release|Any CPU
		{F697B0BD-FCDB-45DE-86AC-E0CAFC1D29FC}.Debug|Any CPU.ActiveCfg = Debug|Any CPU
		{F697B0BD-FCDB-45DE-86AC-E0CAFC1D29FC}.Debug|Any CPU.Build.0 = Debug|Any CPU
		{F697B0BD-FCDB-45DE-86AC-E0CAFC1D29FC}.Release|Any CPU.ActiveCfg = Release|Any CPU
		{F697B0BD-FCDB-45DE-86AC-E0CAFC1D29FC}.Release|Any CPU.Build.0 = Release|Any CPU
		{CB2776EF-60A0-465B-B2C0-A830B4542AAC}.Debug|Any CPU.ActiveCfg = Debug|Any CPU
		{CB2776EF-60A0-465B-B2C0-A830B4542AAC}.Debug|Any CPU.Build.0 = Debug|Any CPU
		{CB2776EF-60A0-465B-B2C0-A830B4542AAC}.Release|Any CPU.ActiveCfg = Release|Any CPU
		{CB2776EF-60A0-465B-B2C0-A830B4542AAC}.Release|Any CPU.Build.0 = Release|Any CPU
		{002F2216-824C-4362-8910-05EE88820569}.Debug|Any CPU.ActiveCfg = Debug|Any CPU
		{002F2216-824C-4362-8910-05EE88820569}.Debug|Any CPU.Build.0 = Debug|Any CPU
		{002F2216-824C-4362-8910-05EE88820569}.Release|Any CPU.ActiveCfg = Release|Any CPU
		{002F2216-824C-4362-8910-05EE88820569}.Release|Any CPU.Build.0 = Release|Any CPU
		{1EC61E4F-86B3-4BA0-B998-78ACE6CAC07E}.Debug|Any CPU.ActiveCfg = Debug|Any CPU
		{1EC61E4F-86B3-4BA0-B998-78ACE6CAC07E}.Debug|Any CPU.Build.0 = Debug|Any CPU
		{1EC61E4F-86B3-4BA0-B998-78ACE6CAC07E}.Release|Any CPU.ActiveCfg = Release|Any CPU
		{1EC61E4F-86B3-4BA0-B998-78ACE6CAC07E}.Release|Any CPU.Build.0 = Release|Any CPU
		{1CE43383-1CDF-4C58-8C09-7F89D0A01455}.Debug|Any CPU.ActiveCfg = Debug|Any CPU
		{1CE43383-1CDF-4C58-8C09-7F89D0A01455}.Debug|Any CPU.Build.0 = Debug|Any CPU
		{1CE43383-1CDF-4C58-8C09-7F89D0A01455}.Release|Any CPU.ActiveCfg = Release|Any CPU
		{1CE43383-1CDF-4C58-8C09-7F89D0A01455}.Release|Any CPU.Build.0 = Release|Any CPU
		{C6C87247-937D-4536-B22F-79584B26F419}.Debug|Any CPU.ActiveCfg = Debug|Any CPU
		{C6C87247-937D-4536-B22F-79584B26F419}.Debug|Any CPU.Build.0 = Debug|Any CPU
		{C6C87247-937D-4536-B22F-79584B26F419}.Release|Any CPU.ActiveCfg = Release|Any CPU
		{C6C87247-937D-4536-B22F-79584B26F419}.Release|Any CPU.Build.0 = Release|Any CPU
		{25518E8E-3E52-4C34-B7C4-1AAB64D0D83C}.Debug|Any CPU.ActiveCfg = Debug|Any CPU
		{25518E8E-3E52-4C34-B7C4-1AAB64D0D83C}.Debug|Any CPU.Build.0 = Debug|Any CPU
		{25518E8E-3E52-4C34-B7C4-1AAB64D0D83C}.Release|Any CPU.ActiveCfg = Release|Any CPU
		{25518E8E-3E52-4C34-B7C4-1AAB64D0D83C}.Release|Any CPU.Build.0 = Release|Any CPU
		{0729B2E6-9C53-440C-974D-5409C68A1960}.Debug|Any CPU.ActiveCfg = Debug|Any CPU
		{0729B2E6-9C53-440C-974D-5409C68A1960}.Debug|Any CPU.Build.0 = Debug|Any CPU
		{0729B2E6-9C53-440C-974D-5409C68A1960}.Release|Any CPU.ActiveCfg = Release|Any CPU
		{0729B2E6-9C53-440C-974D-5409C68A1960}.Release|Any CPU.Build.0 = Release|Any CPU
		{A8F24258-EFA8-4616-BB79-4FB56243B27E}.Debug|Any CPU.ActiveCfg = Debug|Any CPU
		{A8F24258-EFA8-4616-BB79-4FB56243B27E}.Debug|Any CPU.Build.0 = Debug|Any CPU
		{A8F24258-EFA8-4616-BB79-4FB56243B27E}.Release|Any CPU.ActiveCfg = Release|Any CPU
		{A8F24258-EFA8-4616-BB79-4FB56243B27E}.Release|Any CPU.Build.0 = Release|Any CPU
		{9EC1E9A8-DA8E-4CA5-8E59-F67C3965C969}.Debug|Any CPU.ActiveCfg = Debug|Any CPU
		{9EC1E9A8-DA8E-4CA5-8E59-F67C3965C969}.Debug|Any CPU.Build.0 = Debug|Any CPU
		{9EC1E9A8-DA8E-4CA5-8E59-F67C3965C969}.Release|Any CPU.ActiveCfg = Release|Any CPU
		{9EC1E9A8-DA8E-4CA5-8E59-F67C3965C969}.Release|Any CPU.Build.0 = Release|Any CPU
		{A85A4AF2-6F47-48D8-BBC3-0164E2B37FC8}.Debug|Any CPU.ActiveCfg = Debug|Any CPU
		{A85A4AF2-6F47-48D8-BBC3-0164E2B37FC8}.Debug|Any CPU.Build.0 = Debug|Any CPU
		{A85A4AF2-6F47-48D8-BBC3-0164E2B37FC8}.Release|Any CPU.ActiveCfg = Release|Any CPU
		{A85A4AF2-6F47-48D8-BBC3-0164E2B37FC8}.Release|Any CPU.Build.0 = Release|Any CPU
		{8620AA6B-41DF-4B1D-A089-D98740455107}.Debug|Any CPU.ActiveCfg = Debug|Any CPU
		{8620AA6B-41DF-4B1D-A089-D98740455107}.Debug|Any CPU.Build.0 = Debug|Any CPU
		{8620AA6B-41DF-4B1D-A089-D98740455107}.Release|Any CPU.ActiveCfg = Release|Any CPU
		{8620AA6B-41DF-4B1D-A089-D98740455107}.Release|Any CPU.Build.0 = Release|Any CPU
		{8E10C02E-EB66-4920-A258-FE07A2B35F8B}.Debug|Any CPU.ActiveCfg = Debug|Any CPU
		{8E10C02E-EB66-4920-A258-FE07A2B35F8B}.Debug|Any CPU.Build.0 = Debug|Any CPU
		{8E10C02E-EB66-4920-A258-FE07A2B35F8B}.Release|Any CPU.ActiveCfg = Release|Any CPU
		{8E10C02E-EB66-4920-A258-FE07A2B35F8B}.Release|Any CPU.Build.0 = Release|Any CPU
		{D50CF300-706D-413F-8F51-2CE96F46A09B}.Debug|Any CPU.ActiveCfg = Debug|Any CPU
		{D50CF300-706D-413F-8F51-2CE96F46A09B}.Debug|Any CPU.Build.0 = Debug|Any CPU
		{D50CF300-706D-413F-8F51-2CE96F46A09B}.Release|Any CPU.ActiveCfg = Release|Any CPU
		{D50CF300-706D-413F-8F51-2CE96F46A09B}.Release|Any CPU.Build.0 = Release|Any CPU
		{DE8B44D3-D2CD-45A4-92DD-85EE123551A9}.Debug|Any CPU.ActiveCfg = Debug|Any CPU
		{DE8B44D3-D2CD-45A4-92DD-85EE123551A9}.Debug|Any CPU.Build.0 = Debug|Any CPU
		{DE8B44D3-D2CD-45A4-92DD-85EE123551A9}.Release|Any CPU.ActiveCfg = Release|Any CPU
		{DE8B44D3-D2CD-45A4-92DD-85EE123551A9}.Release|Any CPU.Build.0 = Release|Any CPU
		{242FF9D6-5495-4315-A1FD-4AE5CA24161F}.Debug|Any CPU.ActiveCfg = Debug|Any CPU
		{242FF9D6-5495-4315-A1FD-4AE5CA24161F}.Debug|Any CPU.Build.0 = Debug|Any CPU
		{242FF9D6-5495-4315-A1FD-4AE5CA24161F}.Release|Any CPU.ActiveCfg = Release|Any CPU
		{242FF9D6-5495-4315-A1FD-4AE5CA24161F}.Release|Any CPU.Build.0 = Release|Any CPU
		{E8543FE5-8642-4980-9700-3AC9DAA47933}.Debug|Any CPU.ActiveCfg = Debug|Any CPU
		{E8543FE5-8642-4980-9700-3AC9DAA47933}.Debug|Any CPU.Build.0 = Debug|Any CPU
		{E8543FE5-8642-4980-9700-3AC9DAA47933}.Release|Any CPU.ActiveCfg = Release|Any CPU
		{E8543FE5-8642-4980-9700-3AC9DAA47933}.Release|Any CPU.Build.0 = Release|Any CPU
		{E7C4AD86-87F5-46B2-93C5-EF71597BB914}.Debug|Any CPU.ActiveCfg = Debug|Any CPU
		{E7C4AD86-87F5-46B2-93C5-EF71597BB914}.Debug|Any CPU.Build.0 = Debug|Any CPU
		{E7C4AD86-87F5-46B2-93C5-EF71597BB914}.Release|Any CPU.ActiveCfg = Release|Any CPU
		{E7C4AD86-87F5-46B2-93C5-EF71597BB914}.Release|Any CPU.Build.0 = Release|Any CPU
		{34E89F09-9C9A-4A15-877A-865F1154F9A2}.Debug|Any CPU.ActiveCfg = Debug|Any CPU
		{34E89F09-9C9A-4A15-877A-865F1154F9A2}.Debug|Any CPU.Build.0 = Debug|Any CPU
		{34E89F09-9C9A-4A15-877A-865F1154F9A2}.Release|Any CPU.ActiveCfg = Release|Any CPU
		{34E89F09-9C9A-4A15-877A-865F1154F9A2}.Release|Any CPU.Build.0 = Release|Any CPU
		{3714F5FC-F397-8829-61C1-35224FFB5800}.Debug|Any CPU.ActiveCfg = Debug|Any CPU
		{3714F5FC-F397-8829-61C1-35224FFB5800}.Debug|Any CPU.Build.0 = Debug|Any CPU
		{3714F5FC-F397-8829-61C1-35224FFB5800}.Release|Any CPU.ActiveCfg = Release|Any CPU
		{3714F5FC-F397-8829-61C1-35224FFB5800}.Release|Any CPU.Build.0 = Release|Any CPU
		{1BE26C21-1E4D-4D94-93A9-BD8D1E97BF51}.Debug|Any CPU.ActiveCfg = Debug|Any CPU
		{1BE26C21-1E4D-4D94-93A9-BD8D1E97BF51}.Debug|Any CPU.Build.0 = Debug|Any CPU
		{1BE26C21-1E4D-4D94-93A9-BD8D1E97BF51}.Release|Any CPU.ActiveCfg = Release|Any CPU
		{1BE26C21-1E4D-4D94-93A9-BD8D1E97BF51}.Release|Any CPU.Build.0 = Release|Any CPU
	EndGlobalSection
	GlobalSection(SolutionProperties) = preSolution
		HideSolutionNode = FALSE
	EndGlobalSection
	GlobalSection(NestedProjects) = preSolution
		{EBA1494C-EA2C-4DA8-B8A3-D3B6B770DBD3} = {AFC02E6D-676F-4823-BED5-21A0009D75ED}
		{3D20F962-F7FA-48D8-8513-5802446AB974} = {62D8C617-8021-421C-BE75-7BBB231B9941}
		{3F3F421C-D5C6-4422-BF68-1D41BA413D41} = {62D8C617-8021-421C-BE75-7BBB231B9941}
		{B8D1A060-D061-46EE-967F-AF7AE6A81BDF} = {62D8C617-8021-421C-BE75-7BBB231B9941}
		{5CAD8B73-D82E-4157-A48C-1372803933EB} = {62D8C617-8021-421C-BE75-7BBB231B9941}
		{DD17F4DC-7D5D-44E4-8B3E-BFF21E87DF35} = {AFC02E6D-676F-4823-BED5-21A0009D75ED}
		{EF31193A-6E75-484A-95AE-974D96EB4E6B} = {C9277F33-A910-46D4-A3D4-FD7BCA197A15}
		{16317B3A-1BBB-401E-A4F6-D387C90F9436} = {AFC02E6D-676F-4823-BED5-21A0009D75ED}
		{6457B6BD-039B-4EF4-B5B1-C0FD4F9E1E7C} = {62D8C617-8021-421C-BE75-7BBB231B9941}
		{74B0C4D5-4831-4225-815F-0C57CC493A29} = {62D8C617-8021-421C-BE75-7BBB231B9941}
		{F697B0BD-FCDB-45DE-86AC-E0CAFC1D29FC} = {AFC02E6D-676F-4823-BED5-21A0009D75ED}
		{CB2776EF-60A0-465B-B2C0-A830B4542AAC} = {AFC02E6D-676F-4823-BED5-21A0009D75ED}
		{002F2216-824C-4362-8910-05EE88820569} = {AFC02E6D-676F-4823-BED5-21A0009D75ED}
		{1EC61E4F-86B3-4BA0-B998-78ACE6CAC07E} = {AFC02E6D-676F-4823-BED5-21A0009D75ED}
		{1CE43383-1CDF-4C58-8C09-7F89D0A01455} = {AFC02E6D-676F-4823-BED5-21A0009D75ED}
		{C6C87247-937D-4536-B22F-79584B26F419} = {62D8C617-8021-421C-BE75-7BBB231B9941}
		{25518E8E-3E52-4C34-B7C4-1AAB64D0D83C} = {C9277F33-A910-46D4-A3D4-FD7BCA197A15}
		{0729B2E6-9C53-440C-974D-5409C68A1960} = {AFC02E6D-676F-4823-BED5-21A0009D75ED}
		{A8F24258-EFA8-4616-BB79-4FB56243B27E} = {AFC02E6D-676F-4823-BED5-21A0009D75ED}
		{9EC1E9A8-DA8E-4CA5-8E59-F67C3965C969} = {AFC02E6D-676F-4823-BED5-21A0009D75ED}
		{A85A4AF2-6F47-48D8-BBC3-0164E2B37FC8} = {02EA681E-C7D8-13C7-8484-4AC65E1B71E8}
		{8620AA6B-41DF-4B1D-A089-D98740455107} = {AFC02E6D-676F-4823-BED5-21A0009D75ED}
		{D50CF300-706D-413F-8F51-2CE96F46A09B} = {62D8C617-8021-421C-BE75-7BBB231B9941}
		{DE8B44D3-D2CD-45A4-92DD-85EE123551A9} = {AFC02E6D-676F-4823-BED5-21A0009D75ED}
		{242FF9D6-5495-4315-A1FD-4AE5CA24161F} = {AFC02E6D-676F-4823-BED5-21A0009D75ED}
		{E8543FE5-8642-4980-9700-3AC9DAA47933} = {AFC02E6D-676F-4823-BED5-21A0009D75ED}
		{E7C4AD86-87F5-46B2-93C5-EF71597BB914} = {AFC02E6D-676F-4823-BED5-21A0009D75ED}
		{34E89F09-9C9A-4A15-877A-865F1154F9A2} = {AFC02E6D-676F-4823-BED5-21A0009D75ED}
		{1BE26C21-1E4D-4D94-93A9-BD8D1E97BF51} = {AFC02E6D-676F-4823-BED5-21A0009D75ED}
	EndGlobalSection
	GlobalSection(ExtensibilityGlobals) = postSolution
		SolutionGuid = {A2F7DA77-7F38-43C3-A17E-7FF323CDA37C}
	EndGlobalSection
EndGlobal
