
Microsoft Visual Studio Solution File, Format Version 12.00
# Visual Studio Version 17
VisualStudioVersion = 17.12.35527.113
MinimumVisualStudioVersion = 10.0.40219.1
Project("{FAE04EC0-301F-11D3-BF4B-00C04F79EFBC}") = "Chessboard", "Chessboard\Chessboard.csproj", "{EBA1494C-EA2C-4DA8-B8A3-D3B6B770DBD3}"
EndProject
Project("{FAE04EC0-301F-11D3-BF4B-00C04F79EFBC}") = "Hover_rectangle", "Hover_rectangle\Hover_rectangle.csproj", "{3D20F962-F7FA-48D8-8513-5802446AB974}"
EndProject
Project("{FAE04EC0-301F-11D3-BF4B-00C04F79EFBC}") = "Circle_animation", "Circle_animation\Circle_animation.csproj", "{3F3F421C-D5C6-4422-BF68-1D41BA413D41}"
EndProject
Project("{FAE04EC0-301F-11D3-BF4B-00C04F79EFBC}") = "Ball_animation", "Ball_animation\Ball_animation.csproj", "{B8D1A060-D061-46EE-967F-AF7AE6A81BDF}"
EndProject
Project("{FAE04EC0-301F-11D3-BF4B-00C04F79EFBC}") = "Bricks_wall_animation", "Bricks_wall_animation\Bricks_wall_animation.csproj", "{5CAD8B73-D82E-4157-A48C-1372803933EB}"
EndProject
Project("{FAE04EC0-301F-11D3-BF4B-00C04F79EFBC}") = "Circles_loop", "Circles_loop\Circles_loop.csproj", "{DD17F4DC-7D5D-44E4-8B3E-BFF21E87DF35}"
EndProject
Global
	GlobalSection(SolutionConfigurationPlatforms) = preSolution
		Debug|Any CPU = Debug|Any CPU
		Release|Any CPU = Release|Any CPU
	EndGlobalSection
	GlobalSection(ProjectConfigurationPlatforms) = postSolution
		{EBA1494C-EA2C-4DA8-B8A3-D3B6B770DBD3}.Debug|Any CPU.ActiveCfg = Debug|Any CPU
		{EBA1494C-EA2C-4DA8-B8A3-D3B6B770DBD3}.Debug|Any CPU.Build.0 = Debug|Any CPU
		{EBA1494C-EA2C-4DA8-B8A3-D3B6B770DBD3}.Release|Any CPU.ActiveCfg = Release|Any CPU
		{EBA1494C-EA2C-4DA8-B8A3-D3B6B770DBD3}.Release|Any CPU.Build.0 = Release|Any CPU
		{3D20F962-F7FA-48D8-8513-5802446AB974}.Debug|Any CPU.ActiveCfg = Debug|Any CPU
		{3D20F962-F7FA-48D8-8513-5802446AB974}.Debug|Any CPU.Build.0 = Debug|Any CPU
		{3D20F962-F7FA-48D8-8513-5802446AB974}.Release|Any CPU.ActiveCfg = Release|Any CPU
		{3D20F962-F7FA-48D8-8513-5802446AB974}.Release|Any CPU.Build.0 = Release|Any CPU
		{3F3F421C-D5C6-4422-BF68-1D41BA413D41}.Debug|Any CPU.ActiveCfg = Debug|Any CPU
		{3F3F421C-D5C6-4422-BF68-1D41BA413D41}.Debug|Any CPU.Build.0 = Debug|Any CPU
		{3F3F421C-D5C6-4422-BF68-1D41BA413D41}.Release|Any CPU.ActiveCfg = Release|Any CPU
		{3F3F421C-D5C6-4422-BF68-1D41BA413D41}.Release|Any CPU.Build.0 = Release|Any CPU
		{B8D1A060-D061-46EE-967F-AF7AE6A81BDF}.Debug|Any CPU.ActiveCfg = Debug|Any CPU
		{B8D1A060-D061-46EE-967F-AF7AE6A81BDF}.Debug|Any CPU.Build.0 = Debug|Any CPU
		{B8D1A060-D061-46EE-967F-AF7AE6A81BDF}.Release|Any CPU.ActiveCfg = Release|Any CPU
		{B8D1A060-D061-46EE-967F-AF7AE6A81BDF}.Release|Any CPU.Build.0 = Release|Any CPU
		{5CAD8B73-D82E-4157-A48C-1372803933EB}.Debug|Any CPU.ActiveCfg = Debug|Any CPU
		{5CAD8B73-D82E-4157-A48C-1372803933EB}.Debug|Any CPU.Build.0 = Debug|Any CPU
		{5CAD8B73-D82E-4157-A48C-1372803933EB}.Release|Any CPU.ActiveCfg = Release|Any CPU
		{5CAD8B73-D82E-4157-A48C-1372803933EB}.Release|Any CPU.Build.0 = Release|Any CPU
		{DD17F4DC-7D5D-44E4-8B3E-BFF21E87DF35}.Debug|Any CPU.ActiveCfg = Debug|Any CPU
		{DD17F4DC-7D5D-44E4-8B3E-BFF21E87DF35}.Debug|Any CPU.Build.0 = Debug|Any CPU
		{DD17F4DC-7D5D-44E4-8B3E-BFF21E87DF35}.Release|Any CPU.ActiveCfg = Release|Any CPU
		{DD17F4DC-7D5D-44E4-8B3E-BFF21E87DF35}.Release|Any CPU.Build.0 = Release|Any CPU
	EndGlobalSection
	GlobalSection(SolutionProperties) = preSolution
		HideSolutionNode = FALSE
	EndGlobalSection
EndGlobal
